// !$*UTF8*$!
{
	archiveVersion = 1;
	classes = {
	};
	objectVersion = 50;
	objects = {

/* Begin PBXBuildFile section */
		913509E624F1DAC5001CB125 /* AppDelegate.swift in Sources */ = {isa = PBXBuildFile; fileRef = 913509E524F1DAC5001CB125 /* AppDelegate.swift */; };
		913509E824F1DAC5001CB125 /* ViewController.swift in Sources */ = {isa = PBXBuildFile; fileRef = 913509E724F1DAC5001CB125 /* ViewController.swift */; };
		913509EA24F1DAC6001CB125 /* Assets.xcassets in Resources */ = {isa = PBXBuildFile; fileRef = 913509E924F1DAC6001CB125 /* Assets.xcassets */; };
		913509ED24F1DAC6001CB125 /* Main.storyboard in Resources */ = {isa = PBXBuildFile; fileRef = 913509EB24F1DAC6001CB125 /* Main.storyboard */; };
		913509F624F1E0B2001CB125 /* DropView.swift in Sources */ = {isa = PBXBuildFile; fileRef = 913509F524F1E0B2001CB125 /* DropView.swift */; };
		9179091C2501243500619DAE /* IconSet.swift in Sources */ = {isa = PBXBuildFile; fileRef = 9179091B2501243500619DAE /* IconSet.swift */; };
/* End PBXBuildFile section */

/* Begin PBXFileReference section */
		910A77C2250A84600074E354 /* README.md */ = {isa = PBXFileReference; lastKnownFileType = net.daringfireball.markdown; path = README.md; sourceTree = "<group>"; };
		913509E224F1DAC5001CB125 /* Iconizer.app */ = {isa = PBXFileReference; explicitFileType = wrapper.application; includeInIndex = 0; path = Iconizer.app; sourceTree = BUILT_PRODUCTS_DIR; };
		913509E524F1DAC5001CB125 /* AppDelegate.swift */ = {isa = PBXFileReference; lastKnownFileType = sourcecode.swift; path = AppDelegate.swift; sourceTree = "<group>"; };
		913509E724F1DAC5001CB125 /* ViewController.swift */ = {isa = PBXFileReference; lastKnownFileType = sourcecode.swift; path = ViewController.swift; sourceTree = "<group>"; };
		913509E924F1DAC6001CB125 /* Assets.xcassets */ = {isa = PBXFileReference; lastKnownFileType = folder.assetcatalog; path = Assets.xcassets; sourceTree = "<group>"; };
		913509EC24F1DAC6001CB125 /* Base */ = {isa = PBXFileReference; lastKnownFileType = file.storyboard; name = Base; path = Base.lproj/Main.storyboard; sourceTree = "<group>"; };
		913509EE24F1DAC6001CB125 /* Info.plist */ = {isa = PBXFileReference; lastKnownFileType = text.plist.xml; path = Info.plist; sourceTree = "<group>"; };
		913509EF24F1DAC6001CB125 /* Iconizer.entitlements */ = {isa = PBXFileReference; lastKnownFileType = text.plist.entitlements; path = Iconizer.entitlements; sourceTree = "<group>"; };
		913509F524F1E0B2001CB125 /* DropView.swift */ = {isa = PBXFileReference; lastKnownFileType = sourcecode.swift; path = DropView.swift; sourceTree = "<group>"; };
		9155BB7024FAC58800E852DF /* Python3.framework */ = {isa = PBXFileReference; lastKnownFileType = wrapper.framework; name = Python3.framework; path = Library/Frameworks/Python3.framework; sourceTree = DEVELOPER_DIR; };
		9179091B2501243500619DAE /* IconSet.swift */ = {isa = PBXFileReference; lastKnownFileType = sourcecode.swift; path = IconSet.swift; sourceTree = "<group>"; };
/* End PBXFileReference section */

/* Begin PBXFrameworksBuildPhase section */
		913509DF24F1DAC5001CB125 /* Frameworks */ = {
			isa = PBXFrameworksBuildPhase;
			buildActionMask = 2147483647;
			files = (
			);
			runOnlyForDeploymentPostprocessing = 0;
		};
/* End PBXFrameworksBuildPhase section */

/* Begin PBXGroup section */
		913509D924F1DAC5001CB125 = {
			isa = PBXGroup;
			children = (
				910A77C2250A84600074E354 /* README.md */,
				913509E424F1DAC5001CB125 /* Iconizer */,
				913509E324F1DAC5001CB125 /* Products */,
				9155BB6F24FAC58800E852DF /* Frameworks */,
			);
			sourceTree = "<group>";
		};
		913509E324F1DAC5001CB125 /* Products */ = {
			isa = PBXGroup;
			children = (
				913509E224F1DAC5001CB125 /* Iconizer.app */,
			);
			name = Products;
			sourceTree = "<group>";
		};
		913509E424F1DAC5001CB125 /* Iconizer */ = {
			isa = PBXGroup;
			children = (
				913509E524F1DAC5001CB125 /* AppDelegate.swift */,
				913509E724F1DAC5001CB125 /* ViewController.swift */,
				913509F524F1E0B2001CB125 /* DropView.swift */,
				9179091B2501243500619DAE /* IconSet.swift */,
				913509E924F1DAC6001CB125 /* Assets.xcassets */,
				913509EB24F1DAC6001CB125 /* Main.storyboard */,
				913509EE24F1DAC6001CB125 /* Info.plist */,
				913509EF24F1DAC6001CB125 /* Iconizer.entitlements */,
			);
			path = Iconizer;
			sourceTree = "<group>";
		};
		9155BB6F24FAC58800E852DF /* Frameworks */ = {
			isa = PBXGroup;
			children = (
				9155BB7024FAC58800E852DF /* Python3.framework */,
			);
			name = Frameworks;
			sourceTree = "<group>";
		};
/* End PBXGroup section */

/* Begin PBXNativeTarget section */
		913509E124F1DAC5001CB125 /* Iconizer */ = {
			isa = PBXNativeTarget;
			buildConfigurationList = 913509F224F1DAC6001CB125 /* Build configuration list for PBXNativeTarget "Iconizer" */;
			buildPhases = (
				913509DE24F1DAC5001CB125 /* Sources */,
				913509DF24F1DAC5001CB125 /* Frameworks */,
				913509E024F1DAC5001CB125 /* Resources */,
			);
			buildRules = (
			);
			dependencies = (
			);
			name = Iconizer;
			productName = GalleryDebug;
			productReference = 913509E224F1DAC5001CB125 /* Iconizer.app */;
			productType = "com.apple.product-type.application";
		};
/* End PBXNativeTarget section */

/* Begin PBXProject section */
		913509DA24F1DAC5001CB125 /* Project object */ = {
			isa = PBXProject;
			attributes = {
				LastSwiftUpdateCheck = 1150;
				LastUpgradeCheck = 1160;
				ORGANIZATIONNAME = subli;
				TargetAttributes = {
					913509E124F1DAC5001CB125 = {
						CreatedOnToolsVersion = 11.5;
					};
				};
			};
			buildConfigurationList = 913509DD24F1DAC5001CB125 /* Build configuration list for PBXProject "Iconizer" */;
			compatibilityVersion = "Xcode 9.3";
			developmentRegion = en;
			hasScannedForEncodings = 0;
			knownRegions = (
				en,
				Base,
			);
			mainGroup = 913509D924F1DAC5001CB125;
			productRefGroup = 913509E324F1DAC5001CB125 /* Products */;
			projectDirPath = "";
			projectRoot = "";
			targets = (
				913509E124F1DAC5001CB125 /* Iconizer */,
			);
		};
/* End PBXProject section */

/* Begin PBXResourcesBuildPhase section */
		913509E024F1DAC5001CB125 /* Resources */ = {
			isa = PBXResourcesBuildPhase;
			buildActionMask = 2147483647;
			files = (
				913509EA24F1DAC6001CB125 /* Assets.xcassets in Resources */,
				913509ED24F1DAC6001CB125 /* Main.storyboard in Resources */,
			);
			runOnlyForDeploymentPostprocessing = 0;
		};
/* End PBXResourcesBuildPhase section */

/* Begin PBXSourcesBuildPhase section */
		913509DE24F1DAC5001CB125 /* Sources */ = {
			isa = PBXSourcesBuildPhase;
			buildActionMask = 2147483647;
			files = (
				9179091C2501243500619DAE /* IconSet.swift in Sources */,
				913509E824F1DAC5001CB125 /* ViewController.swift in Sources */,
				913509E624F1DAC5001CB125 /* AppDelegate.swift in Sources */,
				913509F624F1E0B2001CB125 /* DropView.swift in Sources */,
			);
			runOnlyForDeploymentPostprocessing = 0;
		};
/* End PBXSourcesBuildPhase section */

/* Begin PBXVariantGroup section */
		913509EB24F1DAC6001CB125 /* Main.storyboard */ = {
			isa = PBXVariantGroup;
			children = (
				913509EC24F1DAC6001CB125 /* Base */,
			);
			name = Main.storyboard;
			sourceTree = "<group>";
		};
/* End PBXVariantGroup section */

/* Begin XCBuildConfiguration section */
		913509F024F1DAC6001CB125 /* Debug */ = {
			isa = XCBuildConfiguration;
			buildSettings = {
				ALWAYS_SEARCH_USER_PATHS = NO;
				CLANG_ANALYZER_NONNULL = YES;
				CLANG_ANALYZER_NUMBER_OBJECT_CONVERSION = YES_AGGRESSIVE;
				CLANG_CXX_LANGUAGE_STANDARD = "gnu++14";
				CLANG_CXX_LIBRARY = "libc++";
				CLANG_ENABLE_MODULES = YES;
				CLANG_ENABLE_OBJC_ARC = YES;
				CLANG_ENABLE_OBJC_WEAK = YES;
				CLANG_WARN_BLOCK_CAPTURE_AUTORELEASING = YES;
				CLANG_WARN_BOOL_CONVERSION = YES;
				CLANG_WARN_COMMA = YES;
				CLANG_WARN_CONSTANT_CONVERSION = YES;
				CLANG_WARN_DEPRECATED_OBJC_IMPLEMENTATIONS = YES;
				CLANG_WARN_DIRECT_OBJC_ISA_USAGE = YES_ERROR;
				CLANG_WARN_DOCUMENTATION_COMMENTS = YES;
				CLANG_WARN_EMPTY_BODY = YES;
				CLANG_WARN_ENUM_CONVERSION = YES;
				CLANG_WARN_INFINITE_RECURSION = YES;
				CLANG_WARN_INT_CONVERSION = YES;
				CLANG_WARN_NON_LITERAL_NULL_CONVERSION = YES;
				CLANG_WARN_OBJC_IMPLICIT_RETAIN_SELF = YES;
				CLANG_WARN_OBJC_LITERAL_CONVERSION = YES;
				CLANG_WARN_OBJC_ROOT_CLASS = YES_ERROR;
				CLANG_WARN_RANGE_LOOP_ANALYSIS = YES;
				CLANG_WARN_STRICT_PROTOTYPES = YES;
				CLANG_WARN_SUSPICIOUS_MOVE = YES;
				CLANG_WARN_UNGUARDED_AVAILABILITY = YES_AGGRESSIVE;
				CLANG_WARN_UNREACHABLE_CODE = YES;
				CLANG_WARN__DUPLICATE_METHOD_MATCH = YES;
				COPY_PHASE_STRIP = NO;
				DEBUG_INFORMATION_FORMAT = dwarf;
				ENABLE_STRICT_OBJC_MSGSEND = YES;
				ENABLE_TESTABILITY = YES;
				GCC_C_LANGUAGE_STANDARD = gnu11;
				GCC_DYNAMIC_NO_PIC = NO;
				GCC_NO_COMMON_BLOCKS = YES;
				GCC_OPTIMIZATION_LEVEL = 0;
				GCC_PREPROCESSOR_DEFINITIONS = (
					"DEBUG=1",
					"$(inherited)",
				);
				GCC_WARN_64_TO_32_BIT_CONVERSION = YES;
				GCC_WARN_ABOUT_RETURN_TYPE = YES_ERROR;
				GCC_WARN_UNDECLARED_SELECTOR = YES;
				GCC_WARN_UNINITIALIZED_AUTOS = YES_AGGRESSIVE;
				GCC_WARN_UNUSED_FUNCTION = YES;
				GCC_WARN_UNUSED_VARIABLE = YES;
				MACOSX_DEPLOYMENT_TARGET = 10.13;
				MTL_ENABLE_DEBUG_INFO = INCLUDE_SOURCE;
				MTL_FAST_MATH = YES;
				ONLY_ACTIVE_ARCH = YES;
				SDKROOT = macosx;
				SWIFT_ACTIVE_COMPILATION_CONDITIONS = DEBUG;
				SWIFT_OPTIMIZATION_LEVEL = "-Onone";
			};
			name = Debug;
		};
		913509F124F1DAC6001CB125 /* Release */ = {
			isa = XCBuildConfiguration;
			buildSettings = {
				ALWAYS_SEARCH_USER_PATHS = NO;
				CLANG_ANALYZER_NONNULL = YES;
				CLANG_ANALYZER_NUMBER_OBJECT_CONVERSION = YES_AGGRESSIVE;
				CLANG_CXX_LANGUAGE_STANDARD = "gnu++14";
				CLANG_CXX_LIBRARY = "libc++";
				CLANG_ENABLE_MODULES = YES;
				CLANG_ENABLE_OBJC_ARC = YES;
				CLANG_ENABLE_OBJC_WEAK = YES;
				CLANG_WARN_BLOCK_CAPTURE_AUTORELEASING = YES;
				CLANG_WARN_BOOL_CONVERSION = YES;
				CLANG_WARN_COMMA = YES;
				CLANG_WARN_CONSTANT_CONVERSION = YES;
				CLANG_WARN_DEPRECATED_OBJC_IMPLEMENTATIONS = YES;
				CLANG_WARN_DIRECT_OBJC_ISA_USAGE = YES_ERROR;
				CLANG_WARN_DOCUMENTATION_COMMENTS = YES;
				CLANG_WARN_EMPTY_BODY = YES;
				CLANG_WARN_ENUM_CONVERSION = YES;
				CLANG_WARN_INFINITE_RECURSION = YES;
				CLANG_WARN_INT_CONVERSION = YES;
				CLANG_WARN_NON_LITERAL_NULL_CONVERSION = YES;
				CLANG_WARN_OBJC_IMPLICIT_RETAIN_SELF = YES;
				CLANG_WARN_OBJC_LITERAL_CONVERSION = YES;
				CLANG_WARN_OBJC_ROOT_CLASS = YES_ERROR;
				CLANG_WARN_RANGE_LOOP_ANALYSIS = YES;
				CLANG_WARN_STRICT_PROTOTYPES = YES;
				CLANG_WARN_SUSPICIOUS_MOVE = YES;
				CLANG_WARN_UNGUARDED_AVAILABILITY = YES_AGGRESSIVE;
				CLANG_WARN_UNREACHABLE_CODE = YES;
				CLANG_WARN__DUPLICATE_METHOD_MATCH = YES;
				COPY_PHASE_STRIP = NO;
				DEBUG_INFORMATION_FORMAT = "dwarf-with-dsym";
				ENABLE_NS_ASSERTIONS = NO;
				ENABLE_STRICT_OBJC_MSGSEND = YES;
				GCC_C_LANGUAGE_STANDARD = gnu11;
				GCC_NO_COMMON_BLOCKS = YES;
				GCC_WARN_64_TO_32_BIT_CONVERSION = YES;
				GCC_WARN_ABOUT_RETURN_TYPE = YES_ERROR;
				GCC_WARN_UNDECLARED_SELECTOR = YES;
				GCC_WARN_UNINITIALIZED_AUTOS = YES_AGGRESSIVE;
				GCC_WARN_UNUSED_FUNCTION = YES;
				GCC_WARN_UNUSED_VARIABLE = YES;
				MACOSX_DEPLOYMENT_TARGET = 10.13;
				MTL_ENABLE_DEBUG_INFO = NO;
				MTL_FAST_MATH = YES;
				SDKROOT = macosx;
				SWIFT_COMPILATION_MODE = wholemodule;
				SWIFT_OPTIMIZATION_LEVEL = "-O";
			};
			name = Release;
		};
		913509F324F1DAC6001CB125 /* Debug */ = {
			isa = XCBuildConfiguration;
			buildSettings = {
				ASSETCATALOG_COMPILER_APPICON_NAME = AppIcon;
				CODE_SIGN_ENTITLEMENTS = Iconizer/Iconizer.entitlements;
				CODE_SIGN_IDENTITY = "-";
				CODE_SIGN_STYLE = Automatic;
				COMBINE_HIDPI_IMAGES = YES;
				DEVELOPMENT_TEAM = 3543KPEG7A;
				INFOPLIST_FILE = Iconizer/Info.plist;
				LD_RUNPATH_SEARCH_PATHS = (
					"$(inherited)",
					"@executable_path/../Frameworks",
				);
				MACOSX_DEPLOYMENT_TARGET = 10.13;
				PRODUCT_BUNDLE_IDENTIFIER = subli.Iconizer;
				PRODUCT_NAME = "$(TARGET_NAME)";
				SWIFT_VERSION = 5.0;
			};
			name = Debug;
		};
		913509F424F1DAC6001CB125 /* Release */ = {
			isa = XCBuildConfiguration;
			buildSettings = {
				ASSETCATALOG_COMPILER_APPICON_NAME = AppIcon;
				CODE_SIGN_ENTITLEMENTS = Iconizer/Iconizer.entitlements;
				CODE_SIGN_IDENTITY = "-";
				CODE_SIGN_STYLE = Automatic;
				COMBINE_HIDPI_IMAGES = YES;
				DEVELOPMENT_TEAM = 3543KPEG7A;
				INFOPLIST_FILE = Iconizer/Info.plist;
				LD_RUNPATH_SEARCH_PATHS = (
					"$(inherited)",
					"@executable_path/../Frameworks",
				);
				MACOSX_DEPLOYMENT_TARGET = 10.13;
				PRODUCT_BUNDLE_IDENTIFIER = subli.Iconizer;
				PRODUCT_NAME = "$(TARGET_NAME)";
				SWIFT_VERSION = 5.0;
			};
			name = Release;
		};
/* End XCBuildConfiguration section */

/* Begin XCConfigurationList section */
		913509DD24F1DAC5001CB125 /* Build configuration list for PBXProject "Iconizer" */ = {
			isa = XCConfigurationList;
			buildConfigurations = (
				913509F024F1DAC6001CB125 /* Debug */,
				913509F124F1DAC6001CB125 /* Release */,
			);
			defaultConfigurationIsVisible = 0;
			defaultConfigurationName = Release;
		};
		913509F224F1DAC6001CB125 /* Build configuration list for PBXNativeTarget "Iconizer" */ = {
			isa = XCConfigurationList;
			buildConfigurations = (
				913509F324F1DAC6001CB125 /* Debug */,
				913509F424F1DAC6001CB125 /* Release */,
			);
			defaultConfigurationIsVisible = 0;
			defaultConfigurationName = Release;
		};
/* End XCConfigurationList section */
	};
	rootObject = 913509DA24F1DAC5001CB125 /* Project object */;
}
